
Microsoft Visual Studio Solution File, Format Version 12.00
# Visual Studio 15
VisualStudioVersion = 15.0.28307.271
MinimumVisualStudioVersion = 10.0.40219.1
Project("{FAE04EC0-301F-11D3-BF4B-00C04F79EFBC}") = "LeagueBoost", "LeagueBoost\LeagueBoost.csproj", "{CAB09781-C8E4-42D7-91A3-2453E9774A95}"
EndProject
Global
	GlobalSection(SolutionConfigurationPlatforms) = preSolution
		Debug|Any CPU = Debug|Any CPU
		Release|Any CPU = Release|Any CPU
	EndGlobalSection
	GlobalSection(ProjectConfigurationPlatforms) = postSolution
		{CAB09781-C8E4-42D7-91A3-2453E9774A95}.Debug|Any CPU.ActiveCfg = Debug|Any CPU
		{CAB09781-C8E4-42D7-91A3-2453E9774A95}.Debug|Any CPU.Build.0 = Debug|Any CPU
		{CAB09781-C8E4-42D7-91A3-2453E9774A95}.Release|Any CPU.ActiveCfg = Release|Any CPU
		{CAB09781-C8E4-42D7-91A3-2453E9774A95}.Release|Any CPU.Build.0 = Release|Any CPU
	EndGlobalSection
	GlobalSection(SolutionProperties) = preSolution
		HideSolutionNode = FALSE
	EndGlobalSection
	GlobalSection(ExtensibilityGlobals) = postSolution
		SolutionGuid = {6C5ABF7A-517A-4F25-9D96-2236F18F6105}
	EndGlobalSection
EndGlobal
